{
  "nodes": {
    "nixpkgs": {
      "locked": {
        "lastModified": 1637255006,
        "narHash": "sha256-nfg8bJ5KNrICSlqSgpAUy6IUW5PcIwfbvoweIr/tiRk=",
        "owner": "NixOS",
        "repo": "nixpkgs",
        "rev": "e5537e4de773cc63a7246acb93751c105cb07c25",
        "type": "github"
      },
      "original": {
        "id": "nixpkgs",
        "type": "indirect"
      }
    },
    "root": {
      "inputs": {
        "nixpkgs": "nixpkgs"
      }
    }
  },
  "root": "root",
  "version": 7
}
